<Solution>
  <Folder Name="/src/">
    <Project Path="src/MiniDocker.Cli/MiniDocker.Cli.csproj" />
    <Project Path="src/MiniDocker.Nucleo/MiniDocker.Nucleo.csproj" />
  </Folder>
  <Folder Name="/tests/">
    <Project Path="tests/MiniDocker.Testes/MiniDocker.Testes.csproj" />
  </Folder>
</Solution>
